{
  "version": 4,
  "terraform_version": "1.13.0",
  "serial": 181,
  "lineage": "6239f048-1446-93b0-7561-c96d798dcc15",
  "outputs": {
    "chillyfries_bucket_access_key": {
      "value": "1GCRH7NULIYQ7WD0AV4I",
      "type": "string"
    },
    "chillyfries_bucket_secret_key": {
      "value": "eV4zAAH1I9VM+FU4D32T1N0rN+jgdY++JULKcmST",
      "type": "string",
      "sensitive": true
    },
    "fireland_bucket_access_key": {
      "value": "TFONEF31D8L40YDT5D0R",
      "type": "string"
    },
    "fireland_bucket_id": {
      "value": "fireland-valaheim-backup",
      "type": "string"
    },
    "fireland_bucket_secret_key": {
      "value": "SK9CRUa6Sip7kPpsW54wGOhE7JI1cY9+hoDyFg9J",
      "type": "string",
      "sensitive": true
    },
    "odin_bucket_access_key": {
      "value": "SH223UOIOPUD087V9G28",
      "type": "string"
    },
    "odin_bucket_secret_key": {
      "value": "2dclr5q3IOIvJxMuaH1RPC6+oNFITtbmbHjCadpg",
      "type": "string",
      "sensitive": true
    },
    "valkyrie_bucket_access_key": {
      "value": "CBQGB3GYT206NP5HDMLZ",
      "type": "string"
    },
    "valkyrie_bucket_secret_key": {
      "value": "yXJmu3OWYkf+4EPwWSssXTXOxmKVteY+RrIUklr6",
      "type": "string",
      "sensitive": true
    }
  },
  "resources": [
    {
      "module": "module.chillyfries",
      "mode": "managed",
      "type": "proxmox_vm_qemu",
      "name": "this",
      "provider": "provider[\"registry.terraform.io/telmate/proxmox\"]",
      "instances": [
        {
          "schema_version": 0,
          "attributes": {
            "additional_wait": 5,
            "agent": 1,
            "agent_timeout": null,
            "args": "",
            "automatic_reboot": true,
            "balloon": 3096,
            "bios": "seabios",
            "boot": " ",
            "bootdisk": "",
            "ci_wait": null,
            "cicustom": null,
            "cipassword": "",
            "ciupgrade": false,
            "ciuser": "",
            "clone": "nixos-base",
            "clone_wait": 10,
            "cores": 4,
            "cpu": "host",
            "default_ipv4_address": null,
            "default_ipv6_address": null,
            "define_connection_info": false,
            "desc": "Chillyfries valheim server",
            "disk": [],
            "disks": [
              {
                "ide": [
                  {
                    "ide0": [],
                    "ide1": [],
                    "ide2": [
                      {
                        "cdrom": [],
                        "cloudinit": [
                          {
                            "storage": "local-lvm"
                          }
                        ],
                        "disk": [],
                        "passthrough": []
                      }
                    ],
                    "ide3": []
                  }
                ],
                "sata": [],
                "scsi": [],
                "virtio": [
                  {
                    "virtio0": [
                      {
                        "cdrom": [],
                        "disk": [
                          {
                            "asyncio": "",
                            "backup": true,
                            "cache": "",
                            "discard": false,
                            "format": "raw",
                            "id": 0,
                            "iops_r_burst": 0,
                            "iops_r_burst_length": 0,
                            "iops_r_concurrent": 0,
                            "iops_wr_burst": 0,
                            "iops_wr_burst_length": 0,
                            "iops_wr_concurrent": 0,
                            "iothread": false,
                            "linked_disk_id": -1,
                            "mbps_r_burst": 0,
                            "mbps_r_concurrent": 0,
                            "mbps_wr_burst": 0,
                            "mbps_wr_concurrent": 0,
                            "readonly": false,
                            "replicate": false,
                            "serial": "",
                            "size": "200G",
                            "storage": "local-lvm",
                            "wwn": ""
                          }
                        ],
                        "passthrough": []
                      }
                    ],
                    "virtio1": [],
                    "virtio10": [],
                    "virtio11": [],
                    "virtio12": [],
                    "virtio13": [],
                    "virtio14": [],
                    "virtio15": [],
                    "virtio2": [],
                    "virtio3": [],
                    "virtio4": [],
                    "virtio5": [],
                    "virtio6": [],
                    "virtio7": [],
                    "virtio8": [],
                    "virtio9": []
                  }
                ]
              }
            ],
            "efidisk": [],
            "force_create": false,
            "force_recreate_on_change_of": null,
            "full_clone": true,
            "hagroup": "",
            "hastate": "",
            "hostpci": [],
            "hotplug": "network,disk,usb",
            "id": "jupiter/qemu/207",
            "ipconfig0": "ip=192.168.1.76/24,gw=192.168.1.1,ip6=dhcp",
            "ipconfig1": null,
            "ipconfig10": null,
            "ipconfig11": null,
            "ipconfig12": null,
            "ipconfig13": null,
            "ipconfig14": null,
            "ipconfig15": null,
            "ipconfig2": null,
            "ipconfig3": null,
            "ipconfig4": null,
            "ipconfig5": null,
            "ipconfig6": null,
            "ipconfig7": null,
            "ipconfig8": null,
            "ipconfig9": null,
            "kvm": true,
            "linked_vmid": 0,
            "machine": "",
            "memory": 6192,
            "name": "chillyfries",
            "nameserver": null,
            "network": [
              {
                "bridge": "vmbr0",
                "firewall": false,
                "link_down": false,
                "macaddr": "12:90:14:49:8A:9A",
                "model": "virtio",
                "mtu": 0,
                "queues": 0,
                "rate": 0,
                "tag": -1
              }
            ],
            "numa": false,
            "onboot": true,
            "os_network_config": null,
            "os_type": null,
            "pool": "",
            "protection": false,
            "pxe": null,
            "qemu_os": "l26",
            "reboot_required": false,
            "scsihw": "virtio-scsi-single",
            "searchdomain": null,
            "serial": [],
            "skip_ipv4": false,
            "skip_ipv6": false,
            "smbios": [
              {
                "family": "",
                "manufacturer": "",
                "product": "",
                "serial": "",
                "sku": "",
                "uuid": "19ffce1b-1865-424c-a205-59d2e741a183",
                "version": ""
              }
            ],
            "sockets": 1,
            "ssh_forward_ip": null,
            "ssh_host": null,
            "ssh_port": null,
            "ssh_private_key": null,
            "ssh_user": null,
            "sshkeys": "ssh-rsa AAAAB3NzaC1yc2EAAAADAQABAAACAQDVFwMXBBljf+W5diHw9sz+A5AQhojFh8xXHCvznJkebVimhPU18dP7aL6K91tMdx+1rDbW3XyqWlAcuJY55j/G1JMyMGGTSCWkUlovZArqFAWxyadQ9s7Ev13bSF+h2qaL1x8tFAYK/L/LR4OOHSKXzqdeS2WeZgIFEuBW6HDnlGGV0aVVLo6f7wTIt4QK48IiUxKDo+giN5vmXtcBg0F88DhbDtLip3Yab6Sqm4v5PCIM4XiKkULqMLGqfQoUItFi0MGEq1P2qvQ/pVdHEjMoPjXfnwI0Jr4T6NN/QO8lsEfyYlI8qtZ2MvTYdqmOvrY37cYx2BJsIQvwC1wzERgqboEUk0qsRwNqIUcAbOaBIADDn11FUQyvYZ2S8QeIqiwkdyE+jJuPTTgzh5RtuFoqyKuIQohzPDIhAmr65xygcYUyM7vRji5F20dVxc92fNc7ec1FCsbPoSHdW41PkimO2+plyhMFkYrbRo2Hzi6pW+LkmPDbZTMWDo6RM07G+1DIGoDUmSxCQDgkoHHG+x6U0mKh2YSX9zwIxr/9h/dvEyWYCG09XNmxFlGHNNlb0Us52UJ4Ax53WnNoxECH0RDojRQkn3m3v0xxFU9C/RaER48N7ppEDjL9dtcM0lF714TbpBQYBM2oJYJIoCX0Cj/fyrSxofHTYARsnBzblDZA9Q== kmjayadeep@gmail.com",
            "startup": "",
            "tablet": true,
            "tags": "game;valheim",
            "target_node": "jupiter",
            "target_nodes": null,
            "timeouts": null,
            "unused_disk": [],
            "usb": [],
            "vcpus": 0,
            "vga": [],
            "vm_state": "running",
            "vmid": 207
          },
          "sensitive_attributes": [
            [
              {
                "type": "get_attr",
                "value": "cipassword"
              }
            ],
            [
              {
                "type": "get_attr",
                "value": "ssh_private_key"
              }
            ]
          ],
          "identity_schema_version": 0,
          "private": "eyJlMmJmYjczMC1lY2FhLTExZTYtOGY4OC0zNDM2M2JjN2M0YzAiOnsiY3JlYXRlIjoxMjAwMDAwMDAwMDAwLCJkZWZhdWx0IjoxMjAwMDAwMDAwMDAwLCJkZWxldGUiOjEyMDAwMDAwMDAwMDAsInJlYWQiOjEyMDAwMDAwMDAwMDAsInVwZGF0ZSI6MTIwMDAwMDAwMDAwMH19"
        }
      ]
    },
    {
      "module": "module.chillyfries_s3",
      "mode": "managed",
      "type": "minio_iam_policy",
      "name": "this",
      "provider": "provider[\"registry.terraform.io/aminueza/minio\"]",
      "instances": [
        {
          "index_key": 0,
          "schema_version": 0,
          "attributes": {
            "id": "chillyfries-valaheim-backup-default-policy",
            "name": "chillyfries-valaheim-backup-default-policy",
            "name_prefix": null,
            "policy": "{\n \"Version\": \"2012-10-17\",\n \"Statement\": [\n  {\n   \"Effect\": \"Allow\",\n   \"Action\": [\n    \"s3:*\"\n   ],\n   \"Resource\": [\n    \"arn:aws:s3:::chillyfries-valaheim-backup\",\n    \"arn:aws:s3:::chillyfries-valaheim-backup/*\"\n   ]\n  }\n ]\n}"
          },
          "sensitive_attributes": [],
          "identity_schema_version": 0,
          "private": "bnVsbA==",
          "dependencies": [
            "module.chillyfries_s3.minio_s3_bucket.this"
          ]
        }
      ]
    },
    {
      "module": "module.chillyfries_s3",
      "mode": "managed",
      "type": "minio_iam_service_account",
      "name": "this",
      "provider": "provider[\"registry.terraform.io/aminueza/minio\"]",
      "instances": [
        {
          "index_key": 0,
          "schema_version": 0,
          "attributes": {
            "access_key": "1GCRH7NULIYQ7WD0AV4I",
            "disable_user": false,
            "id": "1GCRH7NULIYQ7WD0AV4I",
            "policy": null,
            "secret_key": "eV4zAAH1I9VM+FU4D32T1N0rN+jgdY++JULKcmST",
            "status": "on",
            "target_user": "chillyfries-valaheim-backup-default-user",
            "update_secret": false
          },
          "sensitive_attributes": [
            [
              {
                "type": "get_attr",
                "value": "secret_key"
              }
            ]
          ],
          "identity_schema_version": 0,
          "private": "bnVsbA==",
          "dependencies": [
            "module.chillyfries_s3.minio_iam_user.this"
          ]
        }
      ]
    },
    {
      "module": "module.chillyfries_s3",
      "mode": "managed",
      "type": "minio_iam_user",
      "name": "this",
      "provider": "provider[\"registry.terraform.io/aminueza/minio\"]",
      "instances": [
        {
          "index_key": 0,
          "schema_version": 0,
          "attributes": {
            "disable_user": false,
            "force_destroy": false,
            "id": "chillyfries-valaheim-backup-default-user",
            "name": "chillyfries-valaheim-backup-default-user",
            "secret": "CZTP3QOCuyJmq0SJNgfaC-ecuZY7nw4JAZIsCmVhGsJUuT9fickfWQ==",
            "status": "enabled",
            "tags": null,
            "update_secret": false
          },
          "sensitive_attributes": [
            [
              {
                "type": "get_attr",
                "value": "secret"
              }
            ]
          ],
          "identity_schema_version": 0,
          "private": "bnVsbA=="
        }
      ]
    },
    {
      "module": "module.chillyfries_s3",
      "mode": "managed",
      "type": "minio_iam_user_policy_attachment",
      "name": "this",
      "provider": "provider[\"registry.terraform.io/aminueza/minio\"]",
      "instances": [
        {
          "index_key": 0,
          "schema_version": 0,
          "attributes": {
            "id": "chillyfries-valaheim-backup-default-user-20241220133758841200000001",
            "policy_name": "chillyfries-valaheim-backup-default-policy",
            "user_name": "chillyfries-valaheim-backup-default-user"
          },
          "sensitive_attributes": [],
          "identity_schema_version": 0,
          "private": "bnVsbA==",
          "dependencies": [
            "module.chillyfries_s3.minio_iam_policy.this",
            "module.chillyfries_s3.minio_iam_user.this",
            "module.chillyfries_s3.minio_s3_bucket.this"
          ]
        }
      ]
    },
    {
      "module": "module.chillyfries_s3",
      "mode": "managed",
      "type": "minio_s3_bucket",
      "name": "this",
      "provider": "provider[\"registry.terraform.io/aminueza/minio\"]",
      "instances": [
        {
          "schema_version": 0,
          "attributes": {
            "acl": "private",
            "arn": "arn:aws:s3:::chillyfries-valaheim-backup",
            "bucket": "chillyfries-valaheim-backup",
            "bucket_domain_name": "https://minio.cosmos.cboxlab.com/minio/chillyfries-valaheim-backup",
            "bucket_prefix": null,
            "force_destroy": false,
            "id": "chillyfries-valaheim-backup",
            "object_locking": false,
            "quota": null
          },
          "sensitive_attributes": [],
          "identity_schema_version": 0,
          "private": "bnVsbA=="
        }
      ]
    },
    {
      "module": "module.coder",
      "mode": "managed",
      "type": "proxmox_vm_qemu",
      "name": "this",
      "provider": "provider[\"registry.terraform.io/telmate/proxmox\"]",
      "instances": [
        {
          "schema_version": 0,
          "attributes": {
            "additional_wait": 5,
            "agent": 1,
            "agent_timeout": null,
            "args": "",
            "automatic_reboot": true,
            "balloon": 4096,
            "bios": "seabios",
            "boot": " ",
            "bootdisk": "",
            "ci_wait": null,
            "cicustom": null,
            "cipassword": "",
            "ciupgrade": false,
            "ciuser": "",
            "clone": "nixos-base",
            "clone_wait": 10,
            "cores": 4,
            "cpu": "host",
            "default_ipv4_address": null,
            "default_ipv6_address": null,
            "define_connection_info": false,
            "desc": "Coder server",
            "disk": [],
            "disks": [
              {
                "ide": [
                  {
                    "ide0": [],
                    "ide1": [],
                    "ide2": [
                      {
                        "cdrom": [],
                        "cloudinit": [
                          {
                            "storage": "local-lvm"
                          }
                        ],
                        "disk": [],
                        "passthrough": []
                      }
                    ],
                    "ide3": []
                  }
                ],
                "sata": [],
                "scsi": [],
                "virtio": [
                  {
                    "virtio0": [
                      {
                        "cdrom": [],
                        "disk": [
                          {
                            "asyncio": "",
                            "backup": true,
                            "cache": "",
                            "discard": false,
                            "format": "raw",
                            "id": 0,
                            "iops_r_burst": 0,
                            "iops_r_burst_length": 0,
                            "iops_r_concurrent": 0,
                            "iops_wr_burst": 0,
                            "iops_wr_burst_length": 0,
                            "iops_wr_concurrent": 0,
                            "iothread": false,
                            "linked_disk_id": -1,
                            "mbps_r_burst": 0,
                            "mbps_r_concurrent": 0,
                            "mbps_wr_burst": 0,
                            "mbps_wr_concurrent": 0,
                            "readonly": false,
                            "replicate": false,
                            "serial": "",
                            "size": "100G",
                            "storage": "local-lvm",
                            "wwn": ""
                          }
                        ],
                        "passthrough": []
                      }
                    ],
                    "virtio1": [],
                    "virtio10": [],
                    "virtio11": [],
                    "virtio12": [],
                    "virtio13": [],
                    "virtio14": [],
                    "virtio15": [],
                    "virtio2": [],
                    "virtio3": [],
                    "virtio4": [],
                    "virtio5": [],
                    "virtio6": [],
                    "virtio7": [],
                    "virtio8": [],
                    "virtio9": []
                  }
                ]
              }
            ],
            "efidisk": [],
            "force_create": false,
            "force_recreate_on_change_of": null,
            "full_clone": true,
            "hagroup": "",
            "hastate": "",
            "hostpci": [],
            "hotplug": "network,disk,usb",
            "id": "jupiter/qemu/203",
            "ipconfig0": "ip=192.168.1.72/24,gw=192.168.1.1,ip6=dhcp",
            "ipconfig1": null,
            "ipconfig10": null,
            "ipconfig11": null,
            "ipconfig12": null,
            "ipconfig13": null,
            "ipconfig14": null,
            "ipconfig15": null,
            "ipconfig2": null,
            "ipconfig3": null,
            "ipconfig4": null,
            "ipconfig5": null,
            "ipconfig6": null,
            "ipconfig7": null,
            "ipconfig8": null,
            "ipconfig9": null,
            "kvm": true,
            "linked_vmid": 0,
            "machine": "",
            "memory": 8192,
            "name": "coder",
            "nameserver": null,
            "network": [
              {
                "bridge": "vmbr0",
                "firewall": false,
                "link_down": false,
                "macaddr": "DA:AB:03:2E:7A:5A",
                "model": "virtio",
                "mtu": 0,
                "queues": 0,
                "rate": 0,
                "tag": -1
              }
            ],
            "numa": false,
            "onboot": true,
            "os_network_config": null,
            "os_type": null,
            "pool": "",
            "protection": false,
            "pxe": null,
            "qemu_os": "l26",
            "reboot_required": false,
            "scsihw": "virtio-scsi-single",
            "searchdomain": null,
            "serial": [],
            "skip_ipv4": false,
            "skip_ipv6": false,
            "smbios": [
              {
                "family": "",
                "manufacturer": "",
                "product": "",
                "serial": "",
                "sku": "",
                "uuid": "777e7d1c-a03b-473f-8cb1-9de07c8688b3",
                "version": ""
              }
            ],
            "sockets": 1,
            "ssh_forward_ip": null,
            "ssh_host": null,
            "ssh_port": null,
            "ssh_private_key": null,
            "ssh_user": null,
            "sshkeys": "ssh-rsa AAAAB3NzaC1yc2EAAAADAQABAAACAQDVFwMXBBljf+W5diHw9sz+A5AQhojFh8xXHCvznJkebVimhPU18dP7aL6K91tMdx+1rDbW3XyqWlAcuJY55j/G1JMyMGGTSCWkUlovZArqFAWxyadQ9s7Ev13bSF+h2qaL1x8tFAYK/L/LR4OOHSKXzqdeS2WeZgIFEuBW6HDnlGGV0aVVLo6f7wTIt4QK48IiUxKDo+giN5vmXtcBg0F88DhbDtLip3Yab6Sqm4v5PCIM4XiKkULqMLGqfQoUItFi0MGEq1P2qvQ/pVdHEjMoPjXfnwI0Jr4T6NN/QO8lsEfyYlI8qtZ2MvTYdqmOvrY37cYx2BJsIQvwC1wzERgqboEUk0qsRwNqIUcAbOaBIADDn11FUQyvYZ2S8QeIqiwkdyE+jJuPTTgzh5RtuFoqyKuIQohzPDIhAmr65xygcYUyM7vRji5F20dVxc92fNc7ec1FCsbPoSHdW41PkimO2+plyhMFkYrbRo2Hzi6pW+LkmPDbZTMWDo6RM07G+1DIGoDUmSxCQDgkoHHG+x6U0mKh2YSX9zwIxr/9h/dvEyWYCG09XNmxFlGHNNlb0Us52UJ4Ax53WnNoxECH0RDojRQkn3m3v0xxFU9C/RaER48N7ppEDjL9dtcM0lF714TbpBQYBM2oJYJIoCX0Cj/fyrSxofHTYARsnBzblDZA9Q== kmjayadeep@gmail.com",
            "startup": "",
            "tablet": true,
            "tags": "coder;development",
            "target_node": "jupiter",
            "target_nodes": null,
            "timeouts": null,
            "unused_disk": [],
            "usb": [],
            "vcpus": 0,
            "vga": [],
            "vm_state": "running",
            "vmid": 203
          },
          "sensitive_attributes": [
            [
              {
                "type": "get_attr",
                "value": "cipassword"
              }
            ],
            [
              {
                "type": "get_attr",
                "value": "ssh_private_key"
              }
            ]
          ],
          "identity_schema_version": 0,
          "private": "eyJlMmJmYjczMC1lY2FhLTExZTYtOGY4OC0zNDM2M2JjN2M0YzAiOnsiY3JlYXRlIjoxMjAwMDAwMDAwMDAwLCJkZWZhdWx0IjoxMjAwMDAwMDAwMDAwLCJkZWxldGUiOjEyMDAwMDAwMDAwMDAsInJlYWQiOjEyMDAwMDAwMDAwMDAsInVwZGF0ZSI6MTIwMDAwMDAwMDAwMH19"
        }
      ]
    },
    {
      "module": "module.fireland",
      "mode": "managed",
      "type": "proxmox_vm_qemu",
      "name": "this",
      "provider": "provider[\"registry.terraform.io/telmate/proxmox\"]",
      "instances": [
        {
          "schema_version": 0,
          "attributes": {
            "additional_wait": 5,
            "agent": 1,
            "agent_timeout": null,
            "args": "",
            "automatic_reboot": true,
            "balloon": 2048,
            "bios": "seabios",
            "boot": " ",
            "bootdisk": "",
            "ci_wait": null,
            "cicustom": null,
            "cipassword": "",
            "ciupgrade": false,
            "ciuser": "",
            "clone": "nixos-base",
            "clone_wait": 10,
            "cores": 2,
            "cpu": "host",
            "default_ipv4_address": "",
            "default_ipv6_address": null,
            "define_connection_info": false,
            "desc": "Fireland valheim server",
            "disk": [],
            "disks": [
              {
                "ide": [
                  {
                    "ide0": [],
                    "ide1": [],
                    "ide2": [
                      {
                        "cdrom": [],
                        "cloudinit": [
                          {
                            "storage": "local-lvm"
                          }
                        ],
                        "disk": [],
                        "passthrough": []
                      }
                    ],
                    "ide3": []
                  }
                ],
                "sata": [],
                "scsi": [],
                "virtio": [
                  {
                    "virtio0": [
                      {
                        "cdrom": [],
                        "disk": [
                          {
                            "asyncio": "",
                            "backup": true,
                            "cache": "",
                            "discard": false,
                            "format": "raw",
                            "id": 0,
                            "iops_r_burst": 0,
                            "iops_r_burst_length": 0,
                            "iops_r_concurrent": 0,
                            "iops_wr_burst": 0,
                            "iops_wr_burst_length": 0,
                            "iops_wr_concurrent": 0,
                            "iothread": false,
                            "linked_disk_id": -1,
                            "mbps_r_burst": 0,
                            "mbps_r_concurrent": 0,
                            "mbps_wr_burst": 0,
                            "mbps_wr_concurrent": 0,
                            "readonly": false,
                            "replicate": false,
                            "serial": "",
                            "size": "200G",
                            "storage": "local-lvm",
                            "wwn": ""
                          }
                        ],
                        "passthrough": []
                      }
                    ],
                    "virtio1": [],
                    "virtio10": [],
                    "virtio11": [],
                    "virtio12": [],
                    "virtio13": [],
                    "virtio14": [],
                    "virtio15": [],
                    "virtio2": [],
                    "virtio3": [],
                    "virtio4": [],
                    "virtio5": [],
                    "virtio6": [],
                    "virtio7": [],
                    "virtio8": [],
                    "virtio9": []
                  }
                ]
              }
            ],
            "efidisk": [],
            "force_create": false,
            "force_recreate_on_change_of": null,
            "full_clone": true,
            "hagroup": "",
            "hastate": "",
            "hostpci": [],
            "hotplug": "network,disk,usb",
            "id": "jupiter/qemu/201",
            "ipconfig0": "ip=192.168.1.70/24,gw=192.168.1.1,ip6=dhcp",
            "ipconfig1": null,
            "ipconfig10": null,
            "ipconfig11": null,
            "ipconfig12": null,
            "ipconfig13": null,
            "ipconfig14": null,
            "ipconfig15": null,
            "ipconfig2": null,
            "ipconfig3": null,
            "ipconfig4": null,
            "ipconfig5": null,
            "ipconfig6": null,
            "ipconfig7": null,
            "ipconfig8": null,
            "ipconfig9": null,
            "kvm": true,
            "linked_vmid": 0,
            "machine": "",
            "memory": 4096,
            "name": "fireland",
            "nameserver": null,
            "network": [
              {
                "bridge": "vmbr0",
                "firewall": false,
                "link_down": false,
                "macaddr": "E2:A8:BF:7A:51:F0",
                "model": "virtio",
                "mtu": 0,
                "queues": 0,
                "rate": 0,
                "tag": -1
              }
            ],
            "numa": false,
            "onboot": true,
            "os_network_config": null,
            "os_type": null,
            "pool": "",
            "protection": false,
            "pxe": null,
            "qemu_os": "l26",
            "reboot_required": false,
            "scsihw": "virtio-scsi-single",
            "searchdomain": null,
            "serial": [],
            "skip_ipv4": false,
            "skip_ipv6": false,
            "smbios": [
              {
                "family": "",
                "manufacturer": "",
                "product": "",
                "serial": "",
                "sku": "",
                "uuid": "64c7be1b-a207-4acc-ab35-f9f84019c3b5",
                "version": ""
              }
            ],
            "sockets": 1,
            "ssh_forward_ip": null,
            "ssh_host": "",
            "ssh_port": "",
            "ssh_private_key": null,
            "ssh_user": null,
            "sshkeys": "ssh-rsa AAAAB3NzaC1yc2EAAAADAQABAAACAQDVFwMXBBljf+W5diHw9sz+A5AQhojFh8xXHCvznJkebVimhPU18dP7aL6K91tMdx+1rDbW3XyqWlAcuJY55j/G1JMyMGGTSCWkUlovZArqFAWxyadQ9s7Ev13bSF+h2qaL1x8tFAYK/L/LR4OOHSKXzqdeS2WeZgIFEuBW6HDnlGGV0aVVLo6f7wTIt4QK48IiUxKDo+giN5vmXtcBg0F88DhbDtLip3Yab6Sqm4v5PCIM4XiKkULqMLGqfQoUItFi0MGEq1P2qvQ/pVdHEjMoPjXfnwI0Jr4T6NN/QO8lsEfyYlI8qtZ2MvTYdqmOvrY37cYx2BJsIQvwC1wzERgqboEUk0qsRwNqIUcAbOaBIADDn11FUQyvYZ2S8QeIqiwkdyE+jJuPTTgzh5RtuFoqyKuIQohzPDIhAmr65xygcYUyM7vRji5F20dVxc92fNc7ec1FCsbPoSHdW41PkimO2+plyhMFkYrbRo2Hzi6pW+LkmPDbZTMWDo6RM07G+1DIGoDUmSxCQDgkoHHG+x6U0mKh2YSX9zwIxr/9h/dvEyWYCG09XNmxFlGHNNlb0Us52UJ4Ax53WnNoxECH0RDojRQkn3m3v0xxFU9C/RaER48N7ppEDjL9dtcM0lF714TbpBQYBM2oJYJIoCX0Cj/fyrSxofHTYARsnBzblDZA9Q== kmjayadeep@gmail.com",
            "startup": "",
            "tablet": true,
            "tags": "game;valheim",
            "target_node": "jupiter",
            "target_nodes": null,
            "timeouts": null,
            "unused_disk": [
              {
                "file": "vm-201-disk-1",
                "slot": 0,
                "storage": "local-lvm"
              }
            ],
            "usb": [],
            "vcpus": 0,
            "vga": [],
            "vm_state": "stopped",
            "vmid": 201
          },
          "sensitive_attributes": [
            [
              {
                "type": "get_attr",
                "value": "cipassword"
              }
            ],
            [
              {
                "type": "get_attr",
                "value": "ssh_private_key"
              }
            ]
          ],
          "identity_schema_version": 0,
          "private": "eyJlMmJmYjczMC1lY2FhLTExZTYtOGY4OC0zNDM2M2JjN2M0YzAiOnsiY3JlYXRlIjoxMjAwMDAwMDAwMDAwLCJkZWZhdWx0IjoxMjAwMDAwMDAwMDAwLCJkZWxldGUiOjEyMDAwMDAwMDAwMDAsInJlYWQiOjEyMDAwMDAwMDAwMDAsInVwZGF0ZSI6MTIwMDAwMDAwMDAwMH19"
        }
      ]
    },
    {
      "module": "module.fireland_s3",
      "mode": "managed",
      "type": "minio_iam_policy",
      "name": "this",
      "provider": "provider[\"registry.terraform.io/aminueza/minio\"]",
      "instances": [
        {
          "index_key": 0,
          "schema_version": 0,
          "attributes": {
            "id": "fireland-valaheim-backup-default-policy",
            "name": "fireland-valaheim-backup-default-policy",
            "name_prefix": null,
            "policy": "{\n \"Version\": \"2012-10-17\",\n \"Statement\": [\n  {\n   \"Effect\": \"Allow\",\n   \"Action\": [\n    \"s3:*\"\n   ],\n   \"Resource\": [\n    \"arn:aws:s3:::fireland-valaheim-backup\",\n    \"arn:aws:s3:::fireland-valaheim-backup/*\"\n   ]\n  }\n ]\n}"
          },
          "sensitive_attributes": [],
          "identity_schema_version": 0,
          "private": "bnVsbA==",
          "dependencies": [
            "module.fireland_s3.minio_s3_bucket.this"
          ]
        }
      ]
    },
    {
      "module": "module.fireland_s3",
      "mode": "managed",
      "type": "minio_iam_service_account",
      "name": "this",
      "provider": "provider[\"registry.terraform.io/aminueza/minio\"]",
      "instances": [
        {
          "index_key": 0,
          "schema_version": 0,
          "attributes": {
            "access_key": "TFONEF31D8L40YDT5D0R",
            "disable_user": false,
            "id": "TFONEF31D8L40YDT5D0R",
            "policy": null,
            "secret_key": "SK9CRUa6Sip7kPpsW54wGOhE7JI1cY9+hoDyFg9J",
            "status": "on",
            "target_user": "fireland-valaheim-backup-default-user",
            "update_secret": false
          },
          "sensitive_attributes": [
            [
              {
                "type": "get_attr",
                "value": "secret_key"
              }
            ]
          ],
          "identity_schema_version": 0,
          "private": "bnVsbA==",
          "dependencies": [
            "module.fireland_s3.minio_iam_user.this"
          ]
        }
      ]
    },
    {
      "module": "module.fireland_s3",
      "mode": "managed",
      "type": "minio_iam_user",
      "name": "this",
      "provider": "provider[\"registry.terraform.io/aminueza/minio\"]",
      "instances": [
        {
          "index_key": 0,
          "schema_version": 0,
          "attributes": {
            "disable_user": false,
            "force_destroy": false,
            "id": "fireland-valaheim-backup-default-user",
            "name": "fireland-valaheim-backup-default-user",
            "secret": "jEkOthjyhl2V4WJXEf-EqnacC7GHc60Vc8kKhNs03I1kdoUTaJ0BSA==",
            "status": "enabled",
            "tags": null,
            "update_secret": false
          },
          "sensitive_attributes": [
            [
              {
                "type": "get_attr",
                "value": "secret"
              }
            ]
          ],
          "identity_schema_version": 0,
          "private": "bnVsbA=="
        }
      ]
    },
    {
      "module": "module.fireland_s3",
      "mode": "managed",
      "type": "minio_iam_user_policy_attachment",
      "name": "this",
      "provider": "provider[\"registry.terraform.io/aminueza/minio\"]",
      "instances": [
        {
          "index_key": 0,
          "schema_version": 0,
          "attributes": {
            "id": "fireland-valaheim-backup-default-user-20241102123208820800000001",
            "policy_name": "fireland-valaheim-backup-default-policy",
            "user_name": "fireland-valaheim-backup-default-user"
          },
          "sensitive_attributes": [],
          "identity_schema_version": 0,
          "private": "bnVsbA==",
          "dependencies": [
            "module.fireland_s3.minio_iam_policy.this",
            "module.fireland_s3.minio_iam_user.this",
            "module.fireland_s3.minio_s3_bucket.this"
          ]
        }
      ]
    },
    {
      "module": "module.fireland_s3",
      "mode": "managed",
      "type": "minio_s3_bucket",
      "name": "this",
      "provider": "provider[\"registry.terraform.io/aminueza/minio\"]",
      "instances": [
        {
          "schema_version": 0,
          "attributes": {
            "acl": "private",
            "arn": "arn:aws:s3:::fireland-valaheim-backup",
            "bucket": "fireland-valaheim-backup",
            "bucket_domain_name": "https://minio.cosmos.cboxlab.com/minio/fireland-valaheim-backup",
            "bucket_prefix": null,
            "force_destroy": false,
            "id": "fireland-valaheim-backup",
            "object_locking": false,
            "quota": null
          },
          "sensitive_attributes": [],
          "identity_schema_version": 0,
          "private": "bnVsbA=="
        }
      ]
    },
    {
      "module": "module.gatekeeper",
      "mode": "managed",
      "type": "proxmox_vm_qemu",
      "name": "this",
      "provider": "provider[\"registry.terraform.io/telmate/proxmox\"]",
      "instances": [
        {
          "schema_version": 0,
          "attributes": {
            "additional_wait": 5,
            "agent": 1,
            "agent_timeout": null,
            "args": "",
            "automatic_reboot": true,
            "balloon": 2048,
            "bios": "seabios",
            "boot": " ",
            "bootdisk": "",
            "ci_wait": null,
            "cicustom": null,
            "cipassword": "",
            "ciupgrade": false,
            "ciuser": "",
            "clone": "nixos-base",
            "clone_wait": 10,
            "cores": 2,
            "cpu": "host",
            "default_ipv4_address": "",
            "default_ipv6_address": null,
            "define_connection_info": false,
            "desc": "Gatekeeper node for proxy, pihole etc.",
            "disk": [],
            "disks": [
              {
                "ide": [
                  {
                    "ide0": [],
                    "ide1": [],
                    "ide2": [
                      {
                        "cdrom": [],
                        "cloudinit": [
                          {
                            "storage": "local-lvm"
                          }
                        ],
                        "disk": [],
                        "passthrough": []
                      }
                    ],
                    "ide3": []
                  }
                ],
                "sata": [],
                "scsi": [],
                "virtio": [
                  {
                    "virtio0": [
                      {
                        "cdrom": [],
                        "disk": [
                          {
                            "asyncio": "",
                            "backup": true,
                            "cache": "",
                            "discard": false,
                            "format": "raw",
                            "id": 0,
                            "iops_r_burst": 0,
                            "iops_r_burst_length": 0,
                            "iops_r_concurrent": 0,
                            "iops_wr_burst": 0,
                            "iops_wr_burst_length": 0,
                            "iops_wr_concurrent": 0,
                            "iothread": false,
                            "linked_disk_id": -1,
                            "mbps_r_burst": 0,
                            "mbps_r_concurrent": 0,
                            "mbps_wr_burst": 0,
                            "mbps_wr_concurrent": 0,
                            "readonly": false,
                            "replicate": false,
                            "serial": "",
                            "size": "200G",
                            "storage": "local-lvm",
                            "wwn": ""
                          }
                        ],
                        "passthrough": []
                      }
                    ],
                    "virtio1": [],
                    "virtio10": [],
                    "virtio11": [],
                    "virtio12": [],
                    "virtio13": [],
                    "virtio14": [],
                    "virtio15": [],
                    "virtio2": [],
                    "virtio3": [],
                    "virtio4": [],
                    "virtio5": [],
                    "virtio6": [],
                    "virtio7": [],
                    "virtio8": [],
                    "virtio9": []
                  }
                ]
              }
            ],
            "efidisk": [],
            "force_create": false,
            "force_recreate_on_change_of": null,
            "full_clone": true,
            "hagroup": "",
            "hastate": "",
            "hostpci": [],
            "hotplug": "network,disk,usb",
            "id": "jupiter/qemu/1000",
            "ipconfig0": "ip=192.168.1.250/24,gw=192.168.1.1,ip6=dhcp",
            "ipconfig1": null,
            "ipconfig10": null,
            "ipconfig11": null,
            "ipconfig12": null,
            "ipconfig13": null,
            "ipconfig14": null,
            "ipconfig15": null,
            "ipconfig2": null,
            "ipconfig3": null,
            "ipconfig4": null,
            "ipconfig5": null,
            "ipconfig6": null,
            "ipconfig7": null,
            "ipconfig8": null,
            "ipconfig9": null,
            "kvm": true,
            "linked_vmid": 0,
            "machine": "",
            "memory": 4096,
            "name": "gatekeeper",
            "nameserver": null,
            "network": [
              {
                "bridge": "vmbr0",
                "firewall": false,
                "link_down": false,
                "macaddr": "32:71:75:E2:0A:43",
                "model": "virtio",
                "mtu": 0,
                "queues": 0,
                "rate": 0,
                "tag": -1
              }
            ],
            "numa": false,
            "onboot": true,
            "os_network_config": null,
            "os_type": null,
            "pool": "",
            "protection": false,
            "pxe": null,
            "qemu_os": "l26",
            "reboot_required": false,
            "scsihw": "virtio-scsi-single",
            "searchdomain": null,
            "serial": [],
            "skip_ipv4": false,
            "skip_ipv6": false,
            "smbios": [
              {
                "family": "",
                "manufacturer": "",
                "product": "",
                "serial": "",
                "sku": "",
                "uuid": "0cfe61f5-a37b-4e7d-8bfd-278180e5df7e",
                "version": ""
              }
            ],
            "sockets": 1,
            "ssh_forward_ip": null,
            "ssh_host": "",
            "ssh_port": "",
            "ssh_private_key": null,
            "ssh_user": null,
            "sshkeys": "ssh-rsa AAAAB3NzaC1yc2EAAAADAQABAAACAQDVFwMXBBljf+W5diHw9sz+A5AQhojFh8xXHCvznJkebVimhPU18dP7aL6K91tMdx+1rDbW3XyqWlAcuJY55j/G1JMyMGGTSCWkUlovZArqFAWxyadQ9s7Ev13bSF+h2qaL1x8tFAYK/L/LR4OOHSKXzqdeS2WeZgIFEuBW6HDnlGGV0aVVLo6f7wTIt4QK48IiUxKDo+giN5vmXtcBg0F88DhbDtLip3Yab6Sqm4v5PCIM4XiKkULqMLGqfQoUItFi0MGEq1P2qvQ/pVdHEjMoPjXfnwI0Jr4T6NN/QO8lsEfyYlI8qtZ2MvTYdqmOvrY37cYx2BJsIQvwC1wzERgqboEUk0qsRwNqIUcAbOaBIADDn11FUQyvYZ2S8QeIqiwkdyE+jJuPTTgzh5RtuFoqyKuIQohzPDIhAmr65xygcYUyM7vRji5F20dVxc92fNc7ec1FCsbPoSHdW41PkimO2+plyhMFkYrbRo2Hzi6pW+LkmPDbZTMWDo6RM07G+1DIGoDUmSxCQDgkoHHG+x6U0mKh2YSX9zwIxr/9h/dvEyWYCG09XNmxFlGHNNlb0Us52UJ4Ax53WnNoxECH0RDojRQkn3m3v0xxFU9C/RaER48N7ppEDjL9dtcM0lF714TbpBQYBM2oJYJIoCX0Cj/fyrSxofHTYARsnBzblDZA9Q== kmjayadeep@gmail.com",
            "startup": "",
            "tablet": true,
            "tags": "dns;proxy",
            "target_node": "jupiter",
            "target_nodes": null,
            "timeouts": null,
            "unused_disk": [],
            "usb": [],
            "vcpus": 0,
            "vga": [],
            "vm_state": "running",
            "vmid": 1000
          },
          "sensitive_attributes": [
            [
              {
                "type": "get_attr",
                "value": "cipassword"
              }
            ],
            [
              {
                "type": "get_attr",
                "value": "ssh_private_key"
              }
            ]
          ],
          "identity_schema_version": 0,
          "private": "eyJlMmJmYjczMC1lY2FhLTExZTYtOGY4OC0zNDM2M2JjN2M0YzAiOnsiY3JlYXRlIjoxMjAwMDAwMDAwMDAwLCJkZWZhdWx0IjoxMjAwMDAwMDAwMDAwLCJkZWxldGUiOjEyMDAwMDAwMDAwMDAsInJlYWQiOjEyMDAwMDAwMDAwMDAsInVwZGF0ZSI6MTIwMDAwMDAwMDAwMH19"
        }
      ]
    },
    {
      "module": "module.helios",
      "mode": "managed",
      "type": "proxmox_vm_qemu",
      "name": "this",
      "provider": "provider[\"registry.terraform.io/telmate/proxmox\"]",
      "instances": [
        {
          "schema_version": 0,
          "attributes": {
            "additional_wait": 5,
            "agent": 1,
            "agent_timeout": null,
            "args": "",
            "automatic_reboot": true,
            "balloon": 1024,
            "bios": "seabios",
            "boot": " ",
            "bootdisk": "",
            "ci_wait": null,
            "cicustom": null,
            "cipassword": "",
            "ciupgrade": false,
            "ciuser": "",
            "clone": "nixos-base",
            "clone_wait": 10,
            "cores": 2,
            "cpu": "host",
            "default_ipv4_address": "",
            "default_ipv6_address": null,
            "define_connection_info": false,
            "desc": "Postgres DB",
            "disk": [],
            "disks": [
              {
                "ide": [
                  {
                    "ide0": [],
                    "ide1": [],
                    "ide2": [
                      {
                        "cdrom": [],
                        "cloudinit": [
                          {
                            "storage": "local-lvm"
                          }
                        ],
                        "disk": [],
                        "passthrough": []
                      }
                    ],
                    "ide3": []
                  }
                ],
                "sata": [],
                "scsi": [],
                "virtio": [
                  {
                    "virtio0": [
                      {
                        "cdrom": [],
                        "disk": [
                          {
                            "asyncio": "",
                            "backup": true,
                            "cache": "",
                            "discard": false,
                            "format": "raw",
                            "id": 0,
                            "iops_r_burst": 0,
                            "iops_r_burst_length": 0,
                            "iops_r_concurrent": 0,
                            "iops_wr_burst": 0,
                            "iops_wr_burst_length": 0,
                            "iops_wr_concurrent": 0,
                            "iothread": false,
                            "linked_disk_id": -1,
                            "mbps_r_burst": 0,
                            "mbps_r_concurrent": 0,
                            "mbps_wr_burst": 0,
                            "mbps_wr_concurrent": 0,
                            "readonly": false,
                            "replicate": false,
                            "serial": "",
                            "size": "100G",
                            "storage": "local-lvm",
                            "wwn": ""
                          }
                        ],
                        "passthrough": []
                      }
                    ],
                    "virtio1": [],
                    "virtio10": [],
                    "virtio11": [],
                    "virtio12": [],
                    "virtio13": [],
                    "virtio14": [],
                    "virtio15": [],
                    "virtio2": [],
                    "virtio3": [],
                    "virtio4": [],
                    "virtio5": [],
                    "virtio6": [],
                    "virtio7": [],
                    "virtio8": [],
                    "virtio9": []
                  }
                ]
              }
            ],
            "efidisk": [],
            "force_create": false,
            "force_recreate_on_change_of": null,
            "full_clone": true,
            "hagroup": "",
            "hastate": "",
            "hostpci": [],
            "hotplug": "network,disk,usb",
            "id": "jupiter/qemu/208",
            "ipconfig0": "ip=192.168.1.77/24,gw=192.168.1.1,ip6=dhcp",
            "ipconfig1": null,
            "ipconfig10": null,
            "ipconfig11": null,
            "ipconfig12": null,
            "ipconfig13": null,
            "ipconfig14": null,
            "ipconfig15": null,
            "ipconfig2": null,
            "ipconfig3": null,
            "ipconfig4": null,
            "ipconfig5": null,
            "ipconfig6": null,
            "ipconfig7": null,
            "ipconfig8": null,
            "ipconfig9": null,
            "kvm": true,
            "linked_vmid": 0,
            "machine": "",
            "memory": 2048,
            "name": "helios",
            "nameserver": null,
            "network": [
              {
                "bridge": "vmbr0",
                "firewall": false,
                "link_down": false,
                "macaddr": "8A:D2:25:7B:87:DE",
                "model": "virtio",
                "mtu": 0,
                "queues": 0,
                "rate": 0,
                "tag": -1
              }
            ],
            "numa": false,
            "onboot": true,
            "os_network_config": null,
            "os_type": null,
            "pool": "",
            "protection": false,
            "pxe": null,
            "qemu_os": "l26",
            "reboot_required": false,
            "scsihw": "virtio-scsi-single",
            "searchdomain": null,
            "serial": [],
            "skip_ipv4": false,
            "skip_ipv6": false,
            "smbios": [
              {
                "family": "",
                "manufacturer": "",
                "product": "",
                "serial": "",
                "sku": "",
                "uuid": "7fb05fb0-7551-46f0-825a-8d9dfec03c57",
                "version": ""
              }
            ],
            "sockets": 1,
            "ssh_forward_ip": null,
            "ssh_host": "",
            "ssh_port": "",
            "ssh_private_key": null,
            "ssh_user": null,
            "sshkeys": "ssh-rsa AAAAB3NzaC1yc2EAAAADAQABAAACAQDVFwMXBBljf+W5diHw9sz+A5AQhojFh8xXHCvznJkebVimhPU18dP7aL6K91tMdx+1rDbW3XyqWlAcuJY55j/G1JMyMGGTSCWkUlovZArqFAWxyadQ9s7Ev13bSF+h2qaL1x8tFAYK/L/LR4OOHSKXzqdeS2WeZgIFEuBW6HDnlGGV0aVVLo6f7wTIt4QK48IiUxKDo+giN5vmXtcBg0F88DhbDtLip3Yab6Sqm4v5PCIM4XiKkULqMLGqfQoUItFi0MGEq1P2qvQ/pVdHEjMoPjXfnwI0Jr4T6NN/QO8lsEfyYlI8qtZ2MvTYdqmOvrY37cYx2BJsIQvwC1wzERgqboEUk0qsRwNqIUcAbOaBIADDn11FUQyvYZ2S8QeIqiwkdyE+jJuPTTgzh5RtuFoqyKuIQohzPDIhAmr65xygcYUyM7vRji5F20dVxc92fNc7ec1FCsbPoSHdW41PkimO2+plyhMFkYrbRo2Hzi6pW+LkmPDbZTMWDo6RM07G+1DIGoDUmSxCQDgkoHHG+x6U0mKh2YSX9zwIxr/9h/dvEyWYCG09XNmxFlGHNNlb0Us52UJ4Ax53WnNoxECH0RDojRQkn3m3v0xxFU9C/RaER48N7ppEDjL9dtcM0lF714TbpBQYBM2oJYJIoCX0Cj/fyrSxofHTYARsnBzblDZA9Q== kmjayadeep@gmail.com",
            "startup": "",
            "tablet": true,
            "tags": "db;postgres",
            "target_node": "jupiter",
            "target_nodes": null,
            "timeouts": null,
            "unused_disk": [],
            "usb": [],
            "vcpus": 0,
            "vga": [],
            "vm_state": "running",
            "vmid": 208
          },
          "sensitive_attributes": [
            [
              {
                "type": "get_attr",
                "value": "cipassword"
              }
            ],
            [
              {
                "type": "get_attr",
                "value": "ssh_private_key"
              }
            ]
          ],
          "identity_schema_version": 0,
          "private": "eyJlMmJmYjczMC1lY2FhLTExZTYtOGY4OC0zNDM2M2JjN2M0YzAiOnsiY3JlYXRlIjoxMjAwMDAwMDAwMDAwLCJkZWZhdWx0IjoxMjAwMDAwMDAwMDAwLCJkZWxldGUiOjEyMDAwMDAwMDAwMDAsInJlYWQiOjEyMDAwMDAwMDAwMDAsInVwZGF0ZSI6MTIwMDAwMDAwMDAwMH19"
        }
      ]
    },
    {
      "module": "module.jd-vm",
      "mode": "managed",
      "type": "proxmox_vm_qemu",
      "name": "this",
      "provider": "provider[\"registry.terraform.io/telmate/proxmox\"]",
      "instances": [
        {
          "schema_version": 0,
          "attributes": {
            "additional_wait": 5,
            "agent": 1,
            "agent_timeout": null,
            "args": "",
            "automatic_reboot": true,
            "balloon": 2048,
            "bios": "seabios",
            "boot": " ",
            "bootdisk": "",
            "ci_wait": null,
            "cicustom": null,
            "cipassword": "",
            "ciupgrade": false,
            "ciuser": "",
            "clone": "nixos-base",
            "clone_wait": 10,
            "cores": 2,
            "cpu": "host",
            "default_ipv4_address": "",
            "default_ipv6_address": null,
            "define_connection_info": false,
            "desc": "Development environment for jd",
            "disk": [],
            "disks": [
              {
                "ide": [
                  {
                    "ide0": [],
                    "ide1": [],
                    "ide2": [
                      {
                        "cdrom": [],
                        "cloudinit": [
                          {
                            "storage": "local-lvm"
                          }
                        ],
                        "disk": [],
                        "passthrough": []
                      }
                    ],
                    "ide3": []
                  }
                ],
                "sata": [],
                "scsi": [],
                "virtio": [
                  {
                    "virtio0": [
                      {
                        "cdrom": [],
                        "disk": [
                          {
                            "asyncio": "",
                            "backup": true,
                            "cache": "",
                            "discard": false,
                            "format": "raw",
                            "id": 0,
                            "iops_r_burst": 0,
                            "iops_r_burst_length": 0,
                            "iops_r_concurrent": 0,
                            "iops_wr_burst": 0,
                            "iops_wr_burst_length": 0,
                            "iops_wr_concurrent": 0,
                            "iothread": false,
                            "linked_disk_id": -1,
                            "mbps_r_burst": 0,
                            "mbps_r_concurrent": 0,
                            "mbps_wr_burst": 0,
                            "mbps_wr_concurrent": 0,
                            "readonly": false,
                            "replicate": false,
                            "serial": "",
                            "size": "200G",
                            "storage": "local-lvm",
                            "wwn": ""
                          }
                        ],
                        "passthrough": []
                      }
                    ],
                    "virtio1": [],
                    "virtio10": [],
                    "virtio11": [],
                    "virtio12": [],
                    "virtio13": [],
                    "virtio14": [],
                    "virtio15": [],
                    "virtio2": [],
                    "virtio3": [],
                    "virtio4": [],
                    "virtio5": [],
                    "virtio6": [],
                    "virtio7": [],
                    "virtio8": [],
                    "virtio9": []
                  }
                ]
              }
            ],
            "efidisk": [],
            "force_create": false,
            "force_recreate_on_change_of": null,
            "full_clone": true,
            "hagroup": "",
            "hastate": "",
            "hostpci": [],
            "hotplug": "network,disk,usb",
            "id": "jupiter/qemu/204",
            "ipconfig0": "ip=192.168.1.74/24,gw=192.168.1.1,ip6=dhcp",
            "ipconfig1": null,
            "ipconfig10": null,
            "ipconfig11": null,
            "ipconfig12": null,
            "ipconfig13": null,
            "ipconfig14": null,
            "ipconfig15": null,
            "ipconfig2": null,
            "ipconfig3": null,
            "ipconfig4": null,
            "ipconfig5": null,
            "ipconfig6": null,
            "ipconfig7": null,
            "ipconfig8": null,
            "ipconfig9": null,
            "kvm": true,
            "linked_vmid": 0,
            "machine": "",
            "memory": 4096,
            "name": "jd-vm",
            "nameserver": null,
            "network": [
              {
                "bridge": "vmbr0",
                "firewall": false,
                "link_down": false,
                "macaddr": "06:F1:EA:CA:E9:56",
                "model": "virtio",
                "mtu": 0,
                "queues": 0,
                "rate": 0,
                "tag": -1
              }
            ],
            "numa": false,
            "onboot": true,
            "os_network_config": null,
            "os_type": null,
            "pool": "",
            "protection": false,
            "pxe": null,
            "qemu_os": "l26",
            "reboot_required": false,
            "scsihw": "virtio-scsi-single",
            "searchdomain": null,
            "serial": [],
            "skip_ipv4": false,
            "skip_ipv6": false,
            "smbios": [
              {
                "family": "",
                "manufacturer": "",
                "product": "",
                "serial": "",
                "sku": "",
                "uuid": "63f9b838-9ae7-47a2-9f72-0a62cb4cb3a5",
                "version": ""
              }
            ],
            "sockets": 1,
            "ssh_forward_ip": null,
            "ssh_host": "",
            "ssh_port": "",
            "ssh_private_key": null,
            "ssh_user": null,
            "sshkeys": "ssh-rsa AAAAB3NzaC1yc2EAAAADAQABAAACAQDVFwMXBBljf+W5diHw9sz+A5AQhojFh8xXHCvznJkebVimhPU18dP7aL6K91tMdx+1rDbW3XyqWlAcuJY55j/G1JMyMGGTSCWkUlovZArqFAWxyadQ9s7Ev13bSF+h2qaL1x8tFAYK/L/LR4OOHSKXzqdeS2WeZgIFEuBW6HDnlGGV0aVVLo6f7wTIt4QK48IiUxKDo+giN5vmXtcBg0F88DhbDtLip3Yab6Sqm4v5PCIM4XiKkULqMLGqfQoUItFi0MGEq1P2qvQ/pVdHEjMoPjXfnwI0Jr4T6NN/QO8lsEfyYlI8qtZ2MvTYdqmOvrY37cYx2BJsIQvwC1wzERgqboEUk0qsRwNqIUcAbOaBIADDn11FUQyvYZ2S8QeIqiwkdyE+jJuPTTgzh5RtuFoqyKuIQohzPDIhAmr65xygcYUyM7vRji5F20dVxc92fNc7ec1FCsbPoSHdW41PkimO2+plyhMFkYrbRo2Hzi6pW+LkmPDbZTMWDo6RM07G+1DIGoDUmSxCQDgkoHHG+x6U0mKh2YSX9zwIxr/9h/dvEyWYCG09XNmxFlGHNNlb0Us52UJ4Ax53WnNoxECH0RDojRQkn3m3v0xxFU9C/RaER48N7ppEDjL9dtcM0lF714TbpBQYBM2oJYJIoCX0Cj/fyrSxofHTYARsnBzblDZA9Q== kmjayadeep@gmail.com",
            "startup": "",
            "tablet": true,
            "tags": "development;workspace",
            "target_node": "jupiter",
            "target_nodes": null,
            "timeouts": null,
            "unused_disk": [],
            "usb": [],
            "vcpus": 0,
            "vga": [],
            "vm_state": "stopped",
            "vmid": 204
          },
          "sensitive_attributes": [
            [
              {
                "type": "get_attr",
                "value": "cipassword"
              }
            ],
            [
              {
                "type": "get_attr",
                "value": "ssh_private_key"
              }
            ]
          ],
          "identity_schema_version": 0,
          "private": "eyJlMmJmYjczMC1lY2FhLTExZTYtOGY4OC0zNDM2M2JjN2M0YzAiOnsiY3JlYXRlIjoxMjAwMDAwMDAwMDAwLCJkZWZhdWx0IjoxMjAwMDAwMDAwMDAwLCJkZWxldGUiOjEyMDAwMDAwMDAwMDAsInJlYWQiOjEyMDAwMDAwMDAwMDAsInVwZGF0ZSI6MTIwMDAwMDAwMDAwMH19"
        }
      ]
    },
    {
      "module": "module.odin",
      "mode": "managed",
      "type": "proxmox_vm_qemu",
      "name": "this",
      "provider": "provider[\"registry.terraform.io/telmate/proxmox\"]",
      "instances": [
        {
          "schema_version": 0,
          "attributes": {
            "additional_wait": 5,
            "agent": 1,
            "agent_timeout": null,
            "args": "",
            "automatic_reboot": true,
            "balloon": 2048,
            "bios": "seabios",
            "boot": " ",
            "bootdisk": "",
            "ci_wait": null,
            "cicustom": null,
            "cipassword": "",
            "ciupgrade": false,
            "ciuser": "",
            "clone": "nixos-base",
            "clone_wait": 10,
            "cores": 2,
            "cpu": "host",
            "default_ipv4_address": "",
            "default_ipv6_address": null,
            "define_connection_info": false,
            "desc": "Odin valheim server",
            "disk": [],
            "disks": [
              {
                "ide": [
                  {
                    "ide0": [],
                    "ide1": [],
                    "ide2": [
                      {
                        "cdrom": [],
                        "cloudinit": [
                          {
                            "storage": "local-lvm"
                          }
                        ],
                        "disk": [],
                        "passthrough": []
                      }
                    ],
                    "ide3": []
                  }
                ],
                "sata": [],
                "scsi": [],
                "virtio": [
                  {
                    "virtio0": [
                      {
                        "cdrom": [],
                        "disk": [
                          {
                            "asyncio": "",
                            "backup": true,
                            "cache": "",
                            "discard": false,
                            "format": "raw",
                            "id": 0,
                            "iops_r_burst": 0,
                            "iops_r_burst_length": 0,
                            "iops_r_concurrent": 0,
                            "iops_wr_burst": 0,
                            "iops_wr_burst_length": 0,
                            "iops_wr_concurrent": 0,
                            "iothread": false,
                            "linked_disk_id": -1,
                            "mbps_r_burst": 0,
                            "mbps_r_concurrent": 0,
                            "mbps_wr_burst": 0,
                            "mbps_wr_concurrent": 0,
                            "readonly": false,
                            "replicate": false,
                            "serial": "",
                            "size": "100G",
                            "storage": "local-lvm",
                            "wwn": ""
                          }
                        ],
                        "passthrough": []
                      }
                    ],
                    "virtio1": [],
                    "virtio10": [],
                    "virtio11": [],
                    "virtio12": [],
                    "virtio13": [],
                    "virtio14": [],
                    "virtio15": [],
                    "virtio2": [],
                    "virtio3": [],
                    "virtio4": [],
                    "virtio5": [],
                    "virtio6": [],
                    "virtio7": [],
                    "virtio8": [],
                    "virtio9": []
                  }
                ]
              }
            ],
            "efidisk": [],
            "force_create": false,
            "force_recreate_on_change_of": null,
            "full_clone": true,
            "hagroup": "",
            "hastate": "",
            "hostpci": [],
            "hotplug": "network,disk,usb",
            "id": "jupiter/qemu/205",
            "ipconfig0": "ip=192.168.1.75/24,gw=192.168.1.1,ip6=dhcp",
            "ipconfig1": null,
            "ipconfig10": null,
            "ipconfig11": null,
            "ipconfig12": null,
            "ipconfig13": null,
            "ipconfig14": null,
            "ipconfig15": null,
            "ipconfig2": null,
            "ipconfig3": null,
            "ipconfig4": null,
            "ipconfig5": null,
            "ipconfig6": null,
            "ipconfig7": null,
            "ipconfig8": null,
            "ipconfig9": null,
            "kvm": true,
            "linked_vmid": 0,
            "machine": "",
            "memory": 4096,
            "name": "odin",
            "nameserver": null,
            "network": [
              {
                "bridge": "vmbr0",
                "firewall": false,
                "link_down": false,
                "macaddr": "D2:CE:8A:45:55:9E",
                "model": "virtio",
                "mtu": 0,
                "queues": 0,
                "rate": 0,
                "tag": -1
              }
            ],
            "numa": false,
            "onboot": true,
            "os_network_config": null,
            "os_type": null,
            "pool": "",
            "protection": false,
            "pxe": null,
            "qemu_os": "l26",
            "reboot_required": false,
            "scsihw": "virtio-scsi-single",
            "searchdomain": null,
            "serial": [],
            "skip_ipv4": false,
            "skip_ipv6": false,
            "smbios": [
              {
                "family": "",
                "manufacturer": "",
                "product": "",
                "serial": "",
                "sku": "",
                "uuid": "64c78bde-a9c3-4321-9f42-401ddcac3ca6",
                "version": ""
              }
            ],
            "sockets": 1,
            "ssh_forward_ip": null,
            "ssh_host": "",
            "ssh_port": "",
            "ssh_private_key": null,
            "ssh_user": null,
            "sshkeys": "ssh-rsa AAAAB3NzaC1yc2EAAAADAQABAAACAQDVFwMXBBljf+W5diHw9sz+A5AQhojFh8xXHCvznJkebVimhPU18dP7aL6K91tMdx+1rDbW3XyqWlAcuJY55j/G1JMyMGGTSCWkUlovZArqFAWxyadQ9s7Ev13bSF+h2qaL1x8tFAYK/L/LR4OOHSKXzqdeS2WeZgIFEuBW6HDnlGGV0aVVLo6f7wTIt4QK48IiUxKDo+giN5vmXtcBg0F88DhbDtLip3Yab6Sqm4v5PCIM4XiKkULqMLGqfQoUItFi0MGEq1P2qvQ/pVdHEjMoPjXfnwI0Jr4T6NN/QO8lsEfyYlI8qtZ2MvTYdqmOvrY37cYx2BJsIQvwC1wzERgqboEUk0qsRwNqIUcAbOaBIADDn11FUQyvYZ2S8QeIqiwkdyE+jJuPTTgzh5RtuFoqyKuIQohzPDIhAmr65xygcYUyM7vRji5F20dVxc92fNc7ec1FCsbPoSHdW41PkimO2+plyhMFkYrbRo2Hzi6pW+LkmPDbZTMWDo6RM07G+1DIGoDUmSxCQDgkoHHG+x6U0mKh2YSX9zwIxr/9h/dvEyWYCG09XNmxFlGHNNlb0Us52UJ4Ax53WnNoxECH0RDojRQkn3m3v0xxFU9C/RaER48N7ppEDjL9dtcM0lF714TbpBQYBM2oJYJIoCX0Cj/fyrSxofHTYARsnBzblDZA9Q== kmjayadeep@gmail.com",
            "startup": "",
            "tablet": true,
            "tags": "game;valheim",
            "target_node": "jupiter",
            "target_nodes": null,
            "timeouts": null,
            "unused_disk": [],
            "usb": [],
            "vcpus": 0,
            "vga": [],
            "vm_state": "stopped",
            "vmid": 205
          },
          "sensitive_attributes": [
            [
              {
                "type": "get_attr",
                "value": "cipassword"
              }
            ],
            [
              {
                "type": "get_attr",
                "value": "ssh_private_key"
              }
            ]
          ],
          "identity_schema_version": 0,
          "private": "eyJlMmJmYjczMC1lY2FhLTExZTYtOGY4OC0zNDM2M2JjN2M0YzAiOnsiY3JlYXRlIjoxMjAwMDAwMDAwMDAwLCJkZWZhdWx0IjoxMjAwMDAwMDAwMDAwLCJkZWxldGUiOjEyMDAwMDAwMDAwMDAsInJlYWQiOjEyMDAwMDAwMDAwMDAsInVwZGF0ZSI6MTIwMDAwMDAwMDAwMH19"
        }
      ]
    },
    {
      "module": "module.odin_s3",
      "mode": "managed",
      "type": "minio_iam_policy",
      "name": "this",
      "provider": "provider[\"registry.terraform.io/aminueza/minio\"]",
      "instances": [
        {
          "index_key": 0,
          "schema_version": 0,
          "attributes": {
            "id": "odin-valaheim-backup-default-policy",
            "name": "odin-valaheim-backup-default-policy",
            "name_prefix": null,
            "policy": "{\n \"Version\": \"2012-10-17\",\n \"Statement\": [\n  {\n   \"Effect\": \"Allow\",\n   \"Action\": [\n    \"s3:*\"\n   ],\n   \"Resource\": [\n    \"arn:aws:s3:::odin-valaheim-backup\",\n    \"arn:aws:s3:::odin-valaheim-backup/*\"\n   ]\n  }\n ]\n}"
          },
          "sensitive_attributes": [],
          "identity_schema_version": 0,
          "private": "bnVsbA==",
          "dependencies": [
            "module.odin_s3.minio_s3_bucket.this"
          ]
        }
      ]
    },
    {
      "module": "module.odin_s3",
      "mode": "managed",
      "type": "minio_iam_service_account",
      "name": "this",
      "provider": "provider[\"registry.terraform.io/aminueza/minio\"]",
      "instances": [
        {
          "index_key": 0,
          "schema_version": 0,
          "attributes": {
            "access_key": "SH223UOIOPUD087V9G28",
            "disable_user": false,
            "id": "SH223UOIOPUD087V9G28",
            "policy": null,
            "secret_key": "2dclr5q3IOIvJxMuaH1RPC6+oNFITtbmbHjCadpg",
            "status": "on",
            "target_user": "odin-valaheim-backup-default-user",
            "update_secret": false
          },
          "sensitive_attributes": [
            [
              {
                "type": "get_attr",
                "value": "secret_key"
              }
            ]
          ],
          "identity_schema_version": 0,
          "private": "bnVsbA==",
          "dependencies": [
            "module.odin_s3.minio_iam_user.this"
          ]
        }
      ]
    },
    {
      "module": "module.odin_s3",
      "mode": "managed",
      "type": "minio_iam_user",
      "name": "this",
      "provider": "provider[\"registry.terraform.io/aminueza/minio\"]",
      "instances": [
        {
          "index_key": 0,
          "schema_version": 0,
          "attributes": {
            "disable_user": false,
            "force_destroy": false,
            "id": "odin-valaheim-backup-default-user",
            "name": "odin-valaheim-backup-default-user",
            "secret": "LXNVQL7cKtF-uWwWdSehYnyikUUys5ysZta61VO0O7XxSZ3990XJag==",
            "status": "enabled",
            "tags": null,
            "update_secret": false
          },
          "sensitive_attributes": [
            [
              {
                "type": "get_attr",
                "value": "secret"
              }
            ]
          ],
          "identity_schema_version": 0,
          "private": "bnVsbA=="
        }
      ]
    },
    {
      "module": "module.odin_s3",
      "mode": "managed",
      "type": "minio_iam_user_policy_attachment",
      "name": "this",
      "provider": "provider[\"registry.terraform.io/aminueza/minio\"]",
      "instances": [
        {
          "index_key": 0,
          "schema_version": 0,
          "attributes": {
            "id": "odin-valaheim-backup-default-user-20241119193812396200000001",
            "policy_name": "odin-valaheim-backup-default-policy",
            "user_name": "odin-valaheim-backup-default-user"
          },
          "sensitive_attributes": [],
          "identity_schema_version": 0,
          "private": "bnVsbA==",
          "dependencies": [
            "module.odin_s3.minio_iam_policy.this",
            "module.odin_s3.minio_iam_user.this",
            "module.odin_s3.minio_s3_bucket.this"
          ]
        }
      ]
    },
    {
      "module": "module.odin_s3",
      "mode": "managed",
      "type": "minio_s3_bucket",
      "name": "this",
      "provider": "provider[\"registry.terraform.io/aminueza/minio\"]",
      "instances": [
        {
          "schema_version": 0,
          "attributes": {
            "acl": "private",
            "arn": "arn:aws:s3:::odin-valaheim-backup",
            "bucket": "odin-valaheim-backup",
            "bucket_domain_name": "https://minio.cosmos.cboxlab.com/minio/odin-valaheim-backup",
            "bucket_prefix": null,
            "force_destroy": false,
            "id": "odin-valaheim-backup",
            "object_locking": false,
            "quota": null
          },
          "sensitive_attributes": [],
          "identity_schema_version": 0,
          "private": "bnVsbA=="
        }
      ]
    },
    {
      "module": "module.titania-worker1",
      "mode": "managed",
      "type": "proxmox_vm_qemu",
      "name": "this",
      "provider": "provider[\"registry.terraform.io/telmate/proxmox\"]",
      "instances": [
        {
          "schema_version": 0,
          "attributes": {
            "additional_wait": 5,
            "agent": 1,
            "agent_timeout": null,
            "args": "",
            "automatic_reboot": true,
            "balloon": 8192,
            "bios": "seabios",
            "boot": " ",
            "bootdisk": "",
            "ci_wait": null,
            "cicustom": null,
            "cipassword": "",
            "ciupgrade": false,
            "ciuser": "",
            "clone": "nixos-base",
            "clone_wait": 10,
            "cores": 4,
            "cpu": "host",
            "default_ipv4_address": null,
            "default_ipv6_address": null,
            "define_connection_info": false,
            "desc": "Titania worker node 1",
            "disk": [],
            "disks": [
              {
                "ide": [
                  {
                    "ide0": [],
                    "ide1": [],
                    "ide2": [
                      {
                        "cdrom": [],
                        "cloudinit": [
                          {
                            "storage": "local-lvm"
                          }
                        ],
                        "disk": [],
                        "passthrough": []
                      }
                    ],
                    "ide3": []
                  }
                ],
                "sata": [],
                "scsi": [],
                "virtio": [
                  {
                    "virtio0": [
                      {
                        "cdrom": [],
                        "disk": [
                          {
                            "asyncio": "",
                            "backup": true,
                            "cache": "",
                            "discard": false,
                            "format": "raw",
                            "id": 0,
                            "iops_r_burst": 0,
                            "iops_r_burst_length": 0,
                            "iops_r_concurrent": 0,
                            "iops_wr_burst": 0,
                            "iops_wr_burst_length": 0,
                            "iops_wr_concurrent": 0,
                            "iothread": false,
                            "linked_disk_id": -1,
                            "mbps_r_burst": 0,
                            "mbps_r_concurrent": 0,
                            "mbps_wr_burst": 0,
                            "mbps_wr_concurrent": 0,
                            "readonly": false,
                            "replicate": false,
                            "serial": "",
                            "size": "300G",
                            "storage": "local-lvm",
                            "wwn": ""
                          }
                        ],
                        "passthrough": []
                      }
                    ],
                    "virtio1": [],
                    "virtio10": [],
                    "virtio11": [],
                    "virtio12": [],
                    "virtio13": [],
                    "virtio14": [],
                    "virtio15": [],
                    "virtio2": [],
                    "virtio3": [],
                    "virtio4": [],
                    "virtio5": [],
                    "virtio6": [],
                    "virtio7": [],
                    "virtio8": [],
                    "virtio9": []
                  }
                ]
              }
            ],
            "efidisk": [],
            "force_create": false,
            "force_recreate_on_change_of": null,
            "full_clone": true,
            "hagroup": "",
            "hastate": "",
            "hostpci": [],
            "hotplug": "network,disk,usb",
            "id": "jupiter/qemu/301",
            "ipconfig0": "ip=192.168.1.78/24,gw=192.168.1.1,ip6=dhcp",
            "ipconfig1": null,
            "ipconfig10": null,
            "ipconfig11": null,
            "ipconfig12": null,
            "ipconfig13": null,
            "ipconfig14": null,
            "ipconfig15": null,
            "ipconfig2": null,
            "ipconfig3": null,
            "ipconfig4": null,
            "ipconfig5": null,
            "ipconfig6": null,
            "ipconfig7": null,
            "ipconfig8": null,
            "ipconfig9": null,
            "kvm": true,
            "linked_vmid": 0,
            "machine": "",
            "memory": 8192,
            "name": "titania-worker1",
            "nameserver": null,
            "network": [
              {
                "bridge": "vmbr0",
                "firewall": false,
                "link_down": false,
                "macaddr": "7E:89:F8:26:01:19",
                "model": "virtio",
                "mtu": 0,
                "queues": 0,
                "rate": 0,
                "tag": -1
              }
            ],
            "numa": false,
            "onboot": true,
            "os_network_config": null,
            "os_type": null,
            "pool": "",
            "protection": false,
            "pxe": null,
            "qemu_os": "l26",
            "reboot_required": false,
            "scsihw": "virtio-scsi-single",
            "searchdomain": null,
            "serial": [],
            "skip_ipv4": false,
            "skip_ipv6": false,
            "smbios": [
              {
                "family": "",
                "manufacturer": "",
                "product": "",
                "serial": "",
                "sku": "",
                "uuid": "f9cab998-5cea-46c9-ac7a-5c8cadbca06a",
                "version": ""
              }
            ],
            "sockets": 1,
            "ssh_forward_ip": null,
            "ssh_host": null,
            "ssh_port": null,
            "ssh_private_key": null,
            "ssh_user": null,
            "sshkeys": "ssh-rsa AAAAB3NzaC1yc2EAAAADAQABAAACAQDVFwMXBBljf+W5diHw9sz+A5AQhojFh8xXHCvznJkebVimhPU18dP7aL6K91tMdx+1rDbW3XyqWlAcuJY55j/G1JMyMGGTSCWkUlovZArqFAWxyadQ9s7Ev13bSF+h2qaL1x8tFAYK/L/LR4OOHSKXzqdeS2WeZgIFEuBW6HDnlGGV0aVVLo6f7wTIt4QK48IiUxKDo+giN5vmXtcBg0F88DhbDtLip3Yab6Sqm4v5PCIM4XiKkULqMLGqfQoUItFi0MGEq1P2qvQ/pVdHEjMoPjXfnwI0Jr4T6NN/QO8lsEfyYlI8qtZ2MvTYdqmOvrY37cYx2BJsIQvwC1wzERgqboEUk0qsRwNqIUcAbOaBIADDn11FUQyvYZ2S8QeIqiwkdyE+jJuPTTgzh5RtuFoqyKuIQohzPDIhAmr65xygcYUyM7vRji5F20dVxc92fNc7ec1FCsbPoSHdW41PkimO2+plyhMFkYrbRo2Hzi6pW+LkmPDbZTMWDo6RM07G+1DIGoDUmSxCQDgkoHHG+x6U0mKh2YSX9zwIxr/9h/dvEyWYCG09XNmxFlGHNNlb0Us52UJ4Ax53WnNoxECH0RDojRQkn3m3v0xxFU9C/RaER48N7ppEDjL9dtcM0lF714TbpBQYBM2oJYJIoCX0Cj/fyrSxofHTYARsnBzblDZA9Q== kmjayadeep@gmail.com",
            "startup": "",
            "tablet": true,
            "tags": "k8s",
            "target_node": "jupiter",
            "target_nodes": null,
            "timeouts": null,
            "unused_disk": [],
            "usb": [],
            "vcpus": 0,
            "vga": [],
            "vm_state": "running",
            "vmid": 301
          },
          "sensitive_attributes": [
            [
              {
                "type": "get_attr",
                "value": "cipassword"
              }
            ],
            [
              {
                "type": "get_attr",
                "value": "ssh_private_key"
              }
            ]
          ],
          "identity_schema_version": 0,
          "private": "eyJlMmJmYjczMC1lY2FhLTExZTYtOGY4OC0zNDM2M2JjN2M0YzAiOnsiY3JlYXRlIjoxMjAwMDAwMDAwMDAwLCJkZWZhdWx0IjoxMjAwMDAwMDAwMDAwLCJkZWxldGUiOjEyMDAwMDAwMDAwMDAsInJlYWQiOjEyMDAwMDAwMDAwMDAsInVwZGF0ZSI6MTIwMDAwMDAwMDAwMH19"
        }
      ]
    },
    {
      "module": "module.valkyrie",
      "mode": "managed",
      "type": "proxmox_vm_qemu",
      "name": "this",
      "provider": "provider[\"registry.terraform.io/telmate/proxmox\"]",
      "instances": [
        {
          "schema_version": 0,
          "attributes": {
            "additional_wait": 5,
            "agent": 1,
            "agent_timeout": null,
            "args": "",
            "automatic_reboot": true,
            "balloon": 2048,
            "bios": "seabios",
            "boot": " ",
            "bootdisk": "",
            "ci_wait": null,
            "cicustom": null,
            "cipassword": "",
            "ciupgrade": false,
            "ciuser": "",
            "clone": "nixos-base",
            "clone_wait": 10,
            "cores": 2,
            "cpu": "host",
            "default_ipv4_address": "",
            "default_ipv6_address": null,
            "define_connection_info": false,
            "desc": "valkyrie valheim server for nomap hardcore run",
            "disk": [],
            "disks": [
              {
                "ide": [
                  {
                    "ide0": [],
                    "ide1": [],
                    "ide2": [
                      {
                        "cdrom": [],
                        "cloudinit": [
                          {
                            "storage": "local-lvm"
                          }
                        ],
                        "disk": [],
                        "passthrough": []
                      }
                    ],
                    "ide3": []
                  }
                ],
                "sata": [],
                "scsi": [],
                "virtio": [
                  {
                    "virtio0": [
                      {
                        "cdrom": [],
                        "disk": [
                          {
                            "asyncio": "",
                            "backup": true,
                            "cache": "",
                            "discard": false,
                            "format": "raw",
                            "id": 0,
                            "iops_r_burst": 0,
                            "iops_r_burst_length": 0,
                            "iops_r_concurrent": 0,
                            "iops_wr_burst": 0,
                            "iops_wr_burst_length": 0,
                            "iops_wr_concurrent": 0,
                            "iothread": false,
                            "linked_disk_id": -1,
                            "mbps_r_burst": 0,
                            "mbps_r_concurrent": 0,
                            "mbps_wr_burst": 0,
                            "mbps_wr_concurrent": 0,
                            "readonly": false,
                            "replicate": false,
                            "serial": "",
                            "size": "200G",
                            "storage": "local-lvm",
                            "wwn": ""
                          }
                        ],
                        "passthrough": []
                      }
                    ],
                    "virtio1": [],
                    "virtio10": [],
                    "virtio11": [],
                    "virtio12": [],
                    "virtio13": [],
                    "virtio14": [],
                    "virtio15": [],
                    "virtio2": [],
                    "virtio3": [],
                    "virtio4": [],
                    "virtio5": [],
                    "virtio6": [],
                    "virtio7": [],
                    "virtio8": [],
                    "virtio9": []
                  }
                ]
              }
            ],
            "efidisk": [],
            "force_create": false,
            "force_recreate_on_change_of": null,
            "full_clone": true,
            "hagroup": "",
            "hastate": "",
            "hostpci": [],
            "hotplug": "network,disk,usb",
            "id": "jupiter/qemu/209",
            "ipconfig0": "ip=192.168.1.79/24,gw=192.168.1.1,ip6=dhcp",
            "ipconfig1": null,
            "ipconfig10": null,
            "ipconfig11": null,
            "ipconfig12": null,
            "ipconfig13": null,
            "ipconfig14": null,
            "ipconfig15": null,
            "ipconfig2": null,
            "ipconfig3": null,
            "ipconfig4": null,
            "ipconfig5": null,
            "ipconfig6": null,
            "ipconfig7": null,
            "ipconfig8": null,
            "ipconfig9": null,
            "kvm": true,
            "linked_vmid": 0,
            "machine": "",
            "memory": 4096,
            "name": "valkyrie",
            "nameserver": null,
            "network": [
              {
                "bridge": "vmbr0",
                "firewall": false,
                "link_down": false,
                "macaddr": "BE:FA:4E:F2:E0:CC",
                "model": "virtio",
                "mtu": 0,
                "queues": 0,
                "rate": 0,
                "tag": -1
              }
            ],
            "numa": false,
            "onboot": true,
            "os_network_config": null,
            "os_type": null,
            "pool": "",
            "protection": false,
            "pxe": null,
            "qemu_os": "l26",
            "reboot_required": false,
            "scsihw": "virtio-scsi-single",
            "searchdomain": null,
            "serial": [],
            "skip_ipv4": false,
            "skip_ipv6": false,
            "smbios": [
              {
                "family": "",
                "manufacturer": "",
                "product": "",
                "serial": "",
                "sku": "",
                "uuid": "85cd6f23-114d-47b4-a680-4249b2ccaa83",
                "version": ""
              }
            ],
            "sockets": 1,
            "ssh_forward_ip": null,
            "ssh_host": "",
            "ssh_port": "",
            "ssh_private_key": null,
            "ssh_user": null,
            "sshkeys": "ssh-rsa AAAAB3NzaC1yc2EAAAADAQABAAACAQDVFwMXBBljf+W5diHw9sz+A5AQhojFh8xXHCvznJkebVimhPU18dP7aL6K91tMdx+1rDbW3XyqWlAcuJY55j/G1JMyMGGTSCWkUlovZArqFAWxyadQ9s7Ev13bSF+h2qaL1x8tFAYK/L/LR4OOHSKXzqdeS2WeZgIFEuBW6HDnlGGV0aVVLo6f7wTIt4QK48IiUxKDo+giN5vmXtcBg0F88DhbDtLip3Yab6Sqm4v5PCIM4XiKkULqMLGqfQoUItFi0MGEq1P2qvQ/pVdHEjMoPjXfnwI0Jr4T6NN/QO8lsEfyYlI8qtZ2MvTYdqmOvrY37cYx2BJsIQvwC1wzERgqboEUk0qsRwNqIUcAbOaBIADDn11FUQyvYZ2S8QeIqiwkdyE+jJuPTTgzh5RtuFoqyKuIQohzPDIhAmr65xygcYUyM7vRji5F20dVxc92fNc7ec1FCsbPoSHdW41PkimO2+plyhMFkYrbRo2Hzi6pW+LkmPDbZTMWDo6RM07G+1DIGoDUmSxCQDgkoHHG+x6U0mKh2YSX9zwIxr/9h/dvEyWYCG09XNmxFlGHNNlb0Us52UJ4Ax53WnNoxECH0RDojRQkn3m3v0xxFU9C/RaER48N7ppEDjL9dtcM0lF714TbpBQYBM2oJYJIoCX0Cj/fyrSxofHTYARsnBzblDZA9Q== kmjayadeep@gmail.com",
            "startup": "",
            "tablet": true,
            "tags": "game;valheim",
            "target_node": "jupiter",
            "target_nodes": null,
            "timeouts": null,
            "unused_disk": [],
            "usb": [],
            "vcpus": 0,
            "vga": [],
            "vm_state": "stopped",
            "vmid": 209
          },
          "sensitive_attributes": [
            [
              {
                "type": "get_attr",
                "value": "cipassword"
              }
            ],
            [
              {
                "type": "get_attr",
                "value": "ssh_private_key"
              }
            ]
          ],
          "identity_schema_version": 0,
          "private": "eyJlMmJmYjczMC1lY2FhLTExZTYtOGY4OC0zNDM2M2JjN2M0YzAiOnsiY3JlYXRlIjoxMjAwMDAwMDAwMDAwLCJkZWZhdWx0IjoxMjAwMDAwMDAwMDAwLCJkZWxldGUiOjEyMDAwMDAwMDAwMDAsInJlYWQiOjEyMDAwMDAwMDAwMDAsInVwZGF0ZSI6MTIwMDAwMDAwMDAwMH19"
        }
      ]
    },
    {
      "module": "module.valkyrie_s3",
      "mode": "managed",
      "type": "minio_iam_policy",
      "name": "this",
      "provider": "provider[\"registry.terraform.io/aminueza/minio\"]",
      "instances": [
        {
          "index_key": 0,
          "schema_version": 0,
          "attributes": {
            "id": "valkyrie-valheim-backup-default-policy",
            "name": "valkyrie-valheim-backup-default-policy",
            "name_prefix": null,
            "policy": "{\n \"Version\": \"2012-10-17\",\n \"Statement\": [\n  {\n   \"Effect\": \"Allow\",\n   \"Action\": [\n    \"s3:*\"\n   ],\n   \"Resource\": [\n    \"arn:aws:s3:::valkyrie-valheim-backup\",\n    \"arn:aws:s3:::valkyrie-valheim-backup/*\"\n   ]\n  }\n ]\n}"
          },
          "sensitive_attributes": [],
          "identity_schema_version": 0,
          "private": "bnVsbA==",
          "dependencies": [
            "module.valkyrie_s3.minio_s3_bucket.this"
          ]
        }
      ]
    },
    {
      "module": "module.valkyrie_s3",
      "mode": "managed",
      "type": "minio_iam_service_account",
      "name": "this",
      "provider": "provider[\"registry.terraform.io/aminueza/minio\"]",
      "instances": [
        {
          "index_key": 0,
          "schema_version": 0,
          "attributes": {
            "access_key": "CBQGB3GYT206NP5HDMLZ",
            "disable_user": false,
            "id": "CBQGB3GYT206NP5HDMLZ",
            "policy": null,
            "secret_key": "yXJmu3OWYkf+4EPwWSssXTXOxmKVteY+RrIUklr6",
            "status": "on",
            "target_user": "valkyrie-valheim-backup-default-user",
            "update_secret": false
          },
          "sensitive_attributes": [
            [
              {
                "type": "get_attr",
                "value": "secret_key"
              }
            ]
          ],
          "identity_schema_version": 0,
          "private": "bnVsbA==",
          "dependencies": [
            "module.valkyrie_s3.minio_iam_user.this"
          ]
        }
      ]
    },
    {
      "module": "module.valkyrie_s3",
      "mode": "managed",
      "type": "minio_iam_user",
      "name": "this",
      "provider": "provider[\"registry.terraform.io/aminueza/minio\"]",
      "instances": [
        {
          "index_key": 0,
          "schema_version": 0,
          "attributes": {
            "disable_user": false,
            "force_destroy": false,
            "id": "valkyrie-valheim-backup-default-user",
            "name": "valkyrie-valheim-backup-default-user",
            "secret": "XKpOFfO4VB06Jwe0DqJn8pow82wXVp53adIRKXv0CCvN5YUpjMV4Vg==",
            "status": "enabled",
            "tags": null,
            "update_secret": false
          },
          "sensitive_attributes": [
            [
              {
                "type": "get_attr",
                "value": "secret"
              }
            ]
          ],
          "identity_schema_version": 0,
          "private": "bnVsbA=="
        }
      ]
    },
    {
      "module": "module.valkyrie_s3",
      "mode": "managed",
      "type": "minio_iam_user_policy_attachment",
      "name": "this",
      "provider": "provider[\"registry.terraform.io/aminueza/minio\"]",
      "instances": [
        {
          "index_key": 0,
          "schema_version": 0,
          "attributes": {
            "id": "valkyrie-valheim-backup-default-user-20250126112205336300000001",
            "policy_name": "valkyrie-valheim-backup-default-policy",
            "user_name": "valkyrie-valheim-backup-default-user"
          },
          "sensitive_attributes": [],
          "identity_schema_version": 0,
          "private": "bnVsbA==",
          "dependencies": [
            "module.valkyrie_s3.minio_iam_policy.this",
            "module.valkyrie_s3.minio_iam_user.this",
            "module.valkyrie_s3.minio_s3_bucket.this"
          ]
        }
      ]
    },
    {
      "module": "module.valkyrie_s3",
      "mode": "managed",
      "type": "minio_s3_bucket",
      "name": "this",
      "provider": "provider[\"registry.terraform.io/aminueza/minio\"]",
      "instances": [
        {
          "schema_version": 0,
          "attributes": {
            "acl": "private",
            "arn": "arn:aws:s3:::valkyrie-valheim-backup",
            "bucket": "valkyrie-valheim-backup",
            "bucket_domain_name": "https://minio.cosmos.cboxlab.com/minio/valkyrie-valheim-backup",
            "bucket_prefix": null,
            "force_destroy": false,
            "id": "valkyrie-valheim-backup",
            "object_locking": false,
            "quota": null
          },
          "sensitive_attributes": [],
          "identity_schema_version": 0,
          "private": "bnVsbA=="
        }
      ]
    }
  ],
  "check_results": null
}
